
Microsoft Visual Studio Solution File, Format Version 12.00
# Visual Studio 15
VisualStudioVersion = 15.0.27703.2035
MinimumVisualStudioVersion = 10.0.40219.1
Project("{FAE04EC0-301F-11D3-BF4B-00C04F79EFBC}") = "CSGO_YViewAngleExtractor", "CSGO_YViewAngleExtractor\CSGO_YViewAngleExtractor.csproj", "{BC10F11B-A214-4773-B6AC-6E391ECBDE9C}"
EndProject
Global
	GlobalSection(SolutionConfigurationPlatforms) = preSolution
		Debug|Any CPU = Debug|Any CPU
		Release|Any CPU = Release|Any CPU
	EndGlobalSection
	GlobalSection(ProjectConfigurationPlatforms) = postSolution
		{BC10F11B-A214-4773-B6AC-6E391ECBDE9C}.Debug|Any CPU.ActiveCfg = Debug|Any CPU
		{BC10F11B-A214-4773-B6AC-6E391ECBDE9C}.Debug|Any CPU.Build.0 = Debug|Any CPU
		{BC10F11B-A214-4773-B6AC-6E391ECBDE9C}.Release|Any CPU.ActiveCfg = Release|Any CPU
		{BC10F11B-A214-4773-B6AC-6E391ECBDE9C}.Release|Any CPU.Build.0 = Release|Any CPU
	EndGlobalSection
	GlobalSection(SolutionProperties) = preSolution
		HideSolutionNode = FALSE
	EndGlobalSection
	GlobalSection(ExtensibilityGlobals) = postSolution
		SolutionGuid = {1677E1DB-A53C-4A1B-9F2E-072437C4FA80}
	EndGlobalSection
EndGlobal
